
Microsoft Visual Studio Solution File, Format Version 12.00
# Visual Studio Version 17
VisualStudioVersion = 17.14.36429.23 d17.14
MinimumVisualStudioVersion = 10.0.40219.1
Project("{FAE04EC0-301F-11D3-BF4B-00C04F79EFBC}") = "MAPA", "MAPA\MAPA.csproj", "{FFC9B0AD-F75B-4281-8D22-D791E70BEDB2}"
EndProject
Global
	GlobalSection(SolutionConfigurationPlatforms) = preSolution
		Debug|Any CPU = Debug|Any CPU
		Release|Any CPU = Release|Any CPU
	EndGlobalSection
	GlobalSection(ProjectConfigurationPlatforms) = postSolution
		{FFC9B0AD-F75B-4281-8D22-D791E70BEDB2}.Debug|Any CPU.ActiveCfg = Debug|Any CPU
		{FFC9B0AD-F75B-4281-8D22-D791E70BEDB2}.Debug|Any CPU.Build.0 = Debug|Any CPU
		{FFC9B0AD-F75B-4281-8D22-D791E70BEDB2}.Release|Any CPU.ActiveCfg = Release|Any CPU
		{FFC9B0AD-F75B-4281-8D22-D791E70BEDB2}.Release|Any CPU.Build.0 = Release|Any CPU
	EndGlobalSection
	GlobalSection(SolutionProperties) = preSolution
		HideSolutionNode = FALSE
	EndGlobalSection
	GlobalSection(ExtensibilityGlobals) = postSolution
		SolutionGuid = {DE56D950-13C3-4FB6-A76B-578F6BD9D153}
	EndGlobalSection
EndGlobal
